
Microsoft Visual Studio Solution File, Format Version 12.00
# Visual Studio Version 17
VisualStudioVersion = 17.9.34728.123
MinimumVisualStudioVersion = 10.0.40219.1
Project("{FAE04EC0-301F-11D3-BF4B-00C04F79EFBC}") = "GUI", "GUI\GUI.csproj", "{5AE29E86-0EF3-4D02-8E06-270D008762A3}"
EndProject
Project("{FAE04EC0-301F-11D3-BF4B-00C04F79EFBC}") = "DAO", "DAO\DAO.csproj", "{7427C670-7064-4F94-948E-4DA6529864FF}"
EndProject
Project("{FAE04EC0-301F-11D3-BF4B-00C04F79EFBC}") = "BUS", "BUS\BUS.csproj", "{1527E72B-9AC5-40EA-B49D-60973D5DE3BA}"
EndProject
Project("{FAE04EC0-301F-11D3-BF4B-00C04F79EFBC}") = "DTO", "DTO\DTO.csproj", "{2BE4C710-AAF5-425A-AA87-63AF8712946F}"
EndProject
Global
	GlobalSection(SolutionConfigurationPlatforms) = preSolution
		Debug|Any CPU = Debug|Any CPU
		Release|Any CPU = Release|Any CPU
	EndGlobalSection
	GlobalSection(ProjectConfigurationPlatforms) = postSolution
		{5AE29E86-0EF3-4D02-8E06-270D008762A3}.Debug|Any CPU.ActiveCfg = Debug|Any CPU
		{5AE29E86-0EF3-4D02-8E06-270D008762A3}.Debug|Any CPU.Build.0 = Debug|Any CPU
		{5AE29E86-0EF3-4D02-8E06-270D008762A3}.Release|Any CPU.ActiveCfg = Release|Any CPU
		{5AE29E86-0EF3-4D02-8E06-270D008762A3}.Release|Any CPU.Build.0 = Release|Any CPU
		{7427C670-7064-4F94-948E-4DA6529864FF}.Debug|Any CPU.ActiveCfg = Debug|Any CPU
		{7427C670-7064-4F94-948E-4DA6529864FF}.Debug|Any CPU.Build.0 = Debug|Any CPU
		{7427C670-7064-4F94-948E-4DA6529864FF}.Release|Any CPU.ActiveCfg = Release|Any CPU
		{7427C670-7064-4F94-948E-4DA6529864FF}.Release|Any CPU.Build.0 = Release|Any CPU
		{1527E72B-9AC5-40EA-B49D-60973D5DE3BA}.Debug|Any CPU.ActiveCfg = Debug|Any CPU
		{1527E72B-9AC5-40EA-B49D-60973D5DE3BA}.Debug|Any CPU.Build.0 = Debug|Any CPU
		{1527E72B-9AC5-40EA-B49D-60973D5DE3BA}.Release|Any CPU.ActiveCfg = Release|Any CPU
		{1527E72B-9AC5-40EA-B49D-60973D5DE3BA}.Release|Any CPU.Build.0 = Release|Any CPU
		{2BE4C710-AAF5-425A-AA87-63AF8712946F}.Debug|Any CPU.ActiveCfg = Debug|Any CPU
		{2BE4C710-AAF5-425A-AA87-63AF8712946F}.Debug|Any CPU.Build.0 = Debug|Any CPU
		{2BE4C710-AAF5-425A-AA87-63AF8712946F}.Release|Any CPU.ActiveCfg = Release|Any CPU
		{2BE4C710-AAF5-425A-AA87-63AF8712946F}.Release|Any CPU.Build.0 = Release|Any CPU
	EndGlobalSection
	GlobalSection(SolutionProperties) = preSolution
		HideSolutionNode = FALSE
	EndGlobalSection
	GlobalSection(ExtensibilityGlobals) = postSolution
		SolutionGuid = {AC8EFFA1-31DD-4090-84C7-4F41E5F20944}
	EndGlobalSection
EndGlobal
